
Microsoft Visual Studio Solution File, Format Version 12.00
# Visual Studio Version 17
VisualStudioVersion = 17.6.33815.320
MinimumVisualStudioVersion = 10.0.40219.1
Project("{FAE04EC0-301F-11D3-BF4B-00C04F79EFBC}") = "labsession2", "labsession2\labsession2.csproj", "{CE2C18AB-F2E4-4597-AF6A-9A4B3A20B79F}"
EndProject
Global
	GlobalSection(SolutionConfigurationPlatforms) = preSolution
		Debug|Any CPU = Debug|Any CPU
		Release|Any CPU = Release|Any CPU
	EndGlobalSection
	GlobalSection(ProjectConfigurationPlatforms) = postSolution
		{CE2C18AB-F2E4-4597-AF6A-9A4B3A20B79F}.Debug|Any CPU.ActiveCfg = Debug|Any CPU
		{CE2C18AB-F2E4-4597-AF6A-9A4B3A20B79F}.Debug|Any CPU.Build.0 = Debug|Any CPU
		{CE2C18AB-F2E4-4597-AF6A-9A4B3A20B79F}.Release|Any CPU.ActiveCfg = Release|Any CPU
		{CE2C18AB-F2E4-4597-AF6A-9A4B3A20B79F}.Release|Any CPU.Build.0 = Release|Any CPU
	EndGlobalSection
	GlobalSection(SolutionProperties) = preSolution
		HideSolutionNode = FALSE
	EndGlobalSection
	GlobalSection(ExtensibilityGlobals) = postSolution
		SolutionGuid = {E16E817A-4FAA-404D-9A6D-10ED92FD711D}
	EndGlobalSection
EndGlobal
